
Microsoft Visual Studio Solution File, Format Version 12.00
# Visual Studio 15
VisualStudioVersion = 15.0.27428.2037
MinimumVisualStudioVersion = 10.0.40219.1
Project("{8BC9CEB8-8B4A-11D0-8D11-00A0C91BC942}") = "libcurl_winssl_drv", "libcurl_winssl_drv.vcxproj", "{0A035519-35EF-4CE8-9ED9-C19B0FECA2ED}"
EndProject
Global
	GlobalSection(SolutionConfigurationPlatforms) = preSolution
		Debug|x64 = Debug|x64
		Debug|x86 = Debug|x86
		Release|x64 = Release|x64
		Release|x86 = Release|x86
	EndGlobalSection
	GlobalSection(ProjectConfigurationPlatforms) = postSolution
		{0A035519-35EF-4CE8-9ED9-C19B0FECA2ED}.Debug|x64.ActiveCfg = Debug|x64
		{0A035519-35EF-4CE8-9ED9-C19B0FECA2ED}.Debug|x64.Build.0 = Debug|x64
		{0A035519-35EF-4CE8-9ED9-C19B0FECA2ED}.Debug|x86.ActiveCfg = Debug|Win32
		{0A035519-35EF-4CE8-9ED9-C19B0FECA2ED}.Debug|x86.Build.0 = Debug|Win32
		{0A035519-35EF-4CE8-9ED9-C19B0FECA2ED}.Release|x64.ActiveCfg = Release|x64
		{0A035519-35EF-4CE8-9ED9-C19B0FECA2ED}.Release|x64.Build.0 = Release|x64
		{0A035519-35EF-4CE8-9ED9-C19B0FECA2ED}.Release|x86.ActiveCfg = Release|Win32
		{0A035519-35EF-4CE8-9ED9-C19B0FECA2ED}.Release|x86.Build.0 = Release|Win32
	EndGlobalSection
	GlobalSection(SolutionProperties) = preSolution
		HideSolutionNode = FALSE
	EndGlobalSection
	GlobalSection(ExtensibilityGlobals) = postSolution
		SolutionGuid = {E4003C67-ADEE-418C-AF04-E2832446780E}
	EndGlobalSection
EndGlobal
